# THIS IS AN AUTOGENERATED FILE. DO NOT EDIT THIS FILE DIRECTLY.
# yarn lockfile v1


dark-args@^0.0.4:
  version "0.0.4"
  resolved "https://registry.yarnpkg.com/dark-args/-/dark-args-0.0.4.tgz#f9fd102423b844a1280b8d30e70e68bf7199cc50"
  integrity sha512-H7KNbFN3VyPyvI3NK54MBQZdhDYAUFf8ye4hKgS5g6yTVOmF4D2wnlJpmWpACO/davUOqxJMswFoZ8+1yAasAg==

js-shade@^0.0.5:
  version "0.0.5"
  resolved "https://registry.yarnpkg.com/js-shade/-/js-shade-0.0.5.tgz#5f7792b26a60c9b8afa744c44853c263bbbb2cd4"
  integrity sha512-/dMSViblqjUy9HO4SwsR+4WmtbzfQGrLkoZEWbYJMLbzzIEjtAMzyy+vjTWqbVfGxQBytDr9da2GwoGrNBCG8Q==
